
Microsoft Visual Studio Solution File, Format Version 12.00
# Visual Studio 14
VisualStudioVersion = 14.0.23107.0
MinimumVisualStudioVersion = 10.0.40219.1
Project("{FAE04EC0-301F-11D3-BF4B-00C04F79EFBC}") = "CodedHomes.Models", "CodedHomes.Models\CodedHomes.Models.csproj", "{832C1E8D-5377-4929-AC23-B4C5D2107FF8}"
EndProject
Project("{FAE04EC0-301F-11D3-BF4B-00C04F79EFBC}") = "CodedHomes.Data", "CodedHomes.Data\CodedHomes.Data.csproj", "{522B3A65-2D29-4416-9A3B-B2E004F8AA4A}"
EndProject
Project("{E24C65DC-7377-472B-9ABA-BC803B73C61A}") = "CodedHomes.Web", "CodedHomes.Web\", "{CEC66B52-2BEB-4F8D-BDE6-A025BE312793}"
	ProjectSection(WebsiteProperties) = preProject
		TargetFrameworkMoniker = ".NETFramework,Version%3Dv4.5"
		Debug.AspNetCompiler.VirtualPath = "/localhost_18530"
		Debug.AspNetCompiler.PhysicalPath = "CodedHomes.Web\"
		Debug.AspNetCompiler.TargetPath = "PrecompiledWeb\localhost_18530\"
		Debug.AspNetCompiler.Updateable = "true"
		Debug.AspNetCompiler.ForceOverwrite = "true"
		Debug.AspNetCompiler.FixedNames = "false"
		Debug.AspNetCompiler.Debug = "True"
		Release.AspNetCompiler.VirtualPath = "/localhost_18530"
		Release.AspNetCompiler.PhysicalPath = "CodedHomes.Web\"
		Release.AspNetCompiler.TargetPath = "PrecompiledWeb\localhost_18530\"
		Release.AspNetCompiler.Updateable = "true"
		Release.AspNetCompiler.ForceOverwrite = "true"
		Release.AspNetCompiler.FixedNames = "false"
		Release.AspNetCompiler.Debug = "False"
		VWDPort = "18530"
	EndProjectSection
EndProject
Global
	GlobalSection(SolutionConfigurationPlatforms) = preSolution
		Debug|Any CPU = Debug|Any CPU
		Release|Any CPU = Release|Any CPU
	EndGlobalSection
	GlobalSection(ProjectConfigurationPlatforms) = postSolution
		{832C1E8D-5377-4929-AC23-B4C5D2107FF8}.Debug|Any CPU.ActiveCfg = Debug|Any CPU
		{832C1E8D-5377-4929-AC23-B4C5D2107FF8}.Debug|Any CPU.Build.0 = Debug|Any CPU
		{832C1E8D-5377-4929-AC23-B4C5D2107FF8}.Release|Any CPU.ActiveCfg = Release|Any CPU
		{832C1E8D-5377-4929-AC23-B4C5D2107FF8}.Release|Any CPU.Build.0 = Release|Any CPU
		{522B3A65-2D29-4416-9A3B-B2E004F8AA4A}.Debug|Any CPU.ActiveCfg = Debug|Any CPU
		{522B3A65-2D29-4416-9A3B-B2E004F8AA4A}.Debug|Any CPU.Build.0 = Debug|Any CPU
		{522B3A65-2D29-4416-9A3B-B2E004F8AA4A}.Release|Any CPU.ActiveCfg = Release|Any CPU
		{522B3A65-2D29-4416-9A3B-B2E004F8AA4A}.Release|Any CPU.Build.0 = Release|Any CPU
		{CEC66B52-2BEB-4F8D-BDE6-A025BE312793}.Debug|Any CPU.ActiveCfg = Debug|Any CPU
		{CEC66B52-2BEB-4F8D-BDE6-A025BE312793}.Debug|Any CPU.Build.0 = Debug|Any CPU
		{CEC66B52-2BEB-4F8D-BDE6-A025BE312793}.Release|Any CPU.ActiveCfg = Debug|Any CPU
		{CEC66B52-2BEB-4F8D-BDE6-A025BE312793}.Release|Any CPU.Build.0 = Debug|Any CPU
	EndGlobalSection
	GlobalSection(SolutionProperties) = preSolution
		HideSolutionNode = FALSE
	EndGlobalSection
EndGlobal
